
Microsoft Visual Studio Solution File, Format Version 12.00
# Visual Studio 15
VisualStudioVersion = 15.0.28010.2036
MinimumVisualStudioVersion = 10.0.40219.1
Project("{FAE04EC0-301F-11D3-BF4B-00C04F79EFBC}") = "Jogo da Velha", "Jogo da Velha\Jogo da Velha.csproj", "{DE196F9C-20F7-425E-AD38-BA5D292C5883}"
EndProject
Global
	GlobalSection(SolutionConfigurationPlatforms) = preSolution
		Debug|Any CPU = Debug|Any CPU
		Release|Any CPU = Release|Any CPU
	EndGlobalSection
	GlobalSection(ProjectConfigurationPlatforms) = postSolution
		{DE196F9C-20F7-425E-AD38-BA5D292C5883}.Debug|Any CPU.ActiveCfg = Debug|Any CPU
		{DE196F9C-20F7-425E-AD38-BA5D292C5883}.Debug|Any CPU.Build.0 = Debug|Any CPU
		{DE196F9C-20F7-425E-AD38-BA5D292C5883}.Release|Any CPU.ActiveCfg = Release|Any CPU
		{DE196F9C-20F7-425E-AD38-BA5D292C5883}.Release|Any CPU.Build.0 = Release|Any CPU
	EndGlobalSection
	GlobalSection(SolutionProperties) = preSolution
		HideSolutionNode = FALSE
	EndGlobalSection
	GlobalSection(ExtensibilityGlobals) = postSolution
		SolutionGuid = {EF6A5384-64EF-4B84-AC30-E5B1A80865CF}
	EndGlobalSection
EndGlobal
